
Microsoft Visual Studio Solution File, Format Version 12.00
# Visual Studio Version 16
VisualStudioVersion = 16.0.30717.126
MinimumVisualStudioVersion = 10.0.40219.1
Project("{159641D6-6404-4A2A-AE62-294DE0FE8301}") = "Project_DWBI", "Project_DWBI\Project_DWBI.dtproj", "{89E88B64-0279-4376-9B30-707158B96E85}"
EndProject
Global
	GlobalSection(SolutionConfigurationPlatforms) = preSolution
		Development|Default = Development|Default
	EndGlobalSection
	GlobalSection(ProjectConfigurationPlatforms) = postSolution
		{89E88B64-0279-4376-9B30-707158B96E85}.Development|Default.ActiveCfg = Development
		{89E88B64-0279-4376-9B30-707158B96E85}.Development|Default.Build.0 = Development
	EndGlobalSection
	GlobalSection(SolutionProperties) = preSolution
		HideSolutionNode = FALSE
	EndGlobalSection
	GlobalSection(ExtensibilityGlobals) = postSolution
		SolutionGuid = {111F5EBC-1C9A-43F0-88DF-AEF12B5B0E05}
	EndGlobalSection
EndGlobal
